{
  "name": "pagefind_playground",
  "lockfileVersion": 3,
  "requires": true,
  "packages": {
    "": {
      "name": "pagefind_playground",
      "dependencies": {
        "@tsconfig/svelte": "^5.0.8",
        "@types/node": "^25.5.0",
        "esbuild": "^0.27.5",
        "esbuild-svelte": "^0.9.4",
        "svelte": "^5.55.1",
        "typescript": "^6.0.2"
      }
    },
    "node_modules/@esbuild/aix-ppc64": {
      "version": "0.27.5",
      "resolved": "https://registry.npmjs.org/@esbuild/aix-ppc64/-/aix-ppc64-0.27.5.tgz",
      "integrity": "sha512-nGsF/4C7uzUj+Nj/4J+Zt0bYQ6bz33Phz8Lb2N80Mti1HjGclTJdXZ+9APC4kLvONbjxN1zfvYNd8FEcbBK/MQ==",
      "cpu": [
        "ppc64"
      ],
      "license": "MIT",
      "optional": true,
      "os": [
        "aix"
      ],
      "engines": {
        "node": ">=18"
      }
    },
    "node_modules/@esbuild/android-arm": {
      "version": "0.27.5",
      "resolved": "https://registry.npmjs.org/@esbuild/android-arm/-/android-arm-0.27.5.tgz",
      "integrity": "sha512-Cv781jd0Rfj/paoNrul1/r4G0HLvuFKYh7C9uHZ2Pl8YXstzvCyyeWENTFR9qFnRzNMCjXmsulZuvosDg10Mog==",
      "cpu": [
        "arm"
      ],
      "license": "MIT",
      "optional": true,
      "os": [
        "android"
      ],
      "engines": {
        "node": ">=18"
      }
    },
    "node_modules/@esbuild/android-arm64": {
      "version": "0.27.5",
      "resolved": "https://registry.npmjs.org/@esbuild/android-arm64/-/android-arm64-0.27.5.tgz",
      "integrity": "sha512-Oeghq+XFgh1pUGd1YKs4DDoxzxkoUkvko+T/IVKwlghKLvvjbGFB3ek8VEDBmNvqhwuL0CQS3cExdzpmUyIrgA==",
      "cpu": [
        "arm64"
      ],
      "license": "MIT",
      "optional": true,
      "os": [
        "android"
      ],
      "engines": {
        "node": ">=18"
      }
    },
    "node_modules/@esbuild/android-x64": {
      "version": "0.27.5",
      "resolved": "https://registry.npmjs.org/@esbuild/android-x64/-/android-x64-0.27.5.tgz",
      "integrity": "sha512-nQD7lspbzerlmtNOxYMFAGmhxgzn8Z7m9jgFkh6kpkjsAhZee1w8tJW3ZlW+N9iRePz0oPUDrYrXidCPSImD0Q==",
      "cpu": [
        "x64"
      ],
      "license": "MIT",
      "optional": true,
      "os": [
        "android"
      ],
      "engines": {
        "node": ">=18"
      }
    },
    "node_modules/@esbuild/darwin-arm64": {
      "version": "0.27.5",
      "resolved": "https://registry.npmjs.org/@esbuild/darwin-arm64/-/darwin-arm64-0.27.5.tgz",
      "integrity": "sha512-I+Ya/MgC6rr8oRWGRDF3BXDfP8K1BVUggHqN6VI2lUZLdDi1IM1v2cy0e3lCPbP+pVcK3Tv8cgUhHse1kaNZZw==",
      "cpu": [
        "arm64"
      ],
      "license": "MIT",
      "optional": true,
      "os": [
        "darwin"
      ],
      "engines": {
        "node": ">=18"
      }
    },
    "node_modules/@esbuild/darwin-x64": {
      "version": "0.27.5",
      "resolved": "https://registry.npmjs.org/@esbuild/darwin-x64/-/darwin-x64-0.27.5.tgz",
      "integrity": "sha512-MCjQUtC8wWJn/pIPM7vQaO69BFgwPD1jriEdqwTCKzWjGgkMbcg+M5HzrOhPhuYe1AJjXlHmD142KQf+jnYj8A==",
      "cpu": [
        "x64"
      ],
      "license": "MIT",
      "optional": true,
      "os": [
        "darwin"
      ],
      "engines": {
        "node": ">=18"
      }
    },
    "node_modules/@esbuild/freebsd-arm64": {
      "version": "0.27.5",
      "resolved": "https://registry.npmjs.org/@esbuild/freebsd-arm64/-/freebsd-arm64-0.27.5.tgz",
      "integrity": "sha512-X6xVS+goSH0UelYXnuf4GHLwpOdc8rgK/zai+dKzBMnncw7BTQIwquOodE7EKvY2UVUetSqyAfyZC1D+oqLQtg==",
      "cpu": [
        "arm64"
      ],
      "license": "MIT",
      "optional": true,
      "os": [
        "freebsd"
      ],
      "engines": {
        "node": ">=18"
      }
    },
    "node_modules/@esbuild/freebsd-x64": {
      "version": "0.27.5",
      "resolved": "https://registry.npmjs.org/@esbuild/freebsd-x64/-/freebsd-x64-0.27.5.tgz",
      "integrity": "sha512-233X1FGo3a8x1ekLB6XT69LfZ83vqz+9z3TSEQCTYfMNY880A97nr81KbPcAMl9rmOFp11wO0dP+eB18KU/Ucg==",
      "cpu": [
        "x64"
      ],
      "license": "MIT",
      "optional": true,
      "os": [
        "freebsd"
      ],
      "engines": {
        "node": ">=18"
      }
    },
    "node_modules/@esbuild/linux-arm": {
      "version": "0.27.5",
      "resolved": "https://registry.npmjs.org/@esbuild/linux-arm/-/linux-arm-0.27.5.tgz",
      "integrity": "sha512-0wkVrYHG4sdCCN/bcwQ7yYMXACkaHc3UFeaEOwSVW6e5RycMageYAFv+JS2bKLwHyeKVUvtoVH+5/RHq0fgeFw==",
      "cpu": [
        "arm"
      ],
      "license": "MIT",
      "optional": true,
      "os": [
        "linux"
      ],
      "engines": {
        "node": ">=18"
      }
    },
    "node_modules/@esbuild/linux-arm64": {
      "version": "0.27.5",
      "resolved": "https://registry.npmjs.org/@esbuild/linux-arm64/-/linux-arm64-0.27.5.tgz",
      "integrity": "sha512-euKkilsNOv7x/M1NKsx5znyprbpsRFIzTV6lWziqJch7yWYayfLtZzDxDTl+LSQDJYAjd9TVb/Kt5UKIrj2e4A==",
      "cpu": [
        "arm64"
      ],
      "license": "MIT",
      "optional": true,
      "os": [
        "linux"
      ],
      "engines": {
        "node": ">=18"
      }
    },
    "node_modules/@esbuild/linux-ia32": {
      "version": "0.27.5",
      "resolved": "https://registry.npmjs.org/@esbuild/linux-ia32/-/linux-ia32-0.27.5.tgz",
      "integrity": "sha512-hVRQX4+P3MS36NxOy24v/Cdsimy/5HYePw+tmPqnNN1fxV0bPrFWR6TMqwXPwoTM2VzbkA+4lbHWUKDd5ZDA/w==",
      "cpu": [
        "ia32"
      ],
      "license": "MIT",
      "optional": true,
      "os": [
        "linux"
      ],
      "engines": {
        "node": ">=18"
      }
    },
    "node_modules/@esbuild/linux-loong64": {
      "version": "0.27.5",
      "resolved": "https://registry.npmjs.org/@esbuild/linux-loong64/-/linux-loong64-0.27.5.tgz",
      "integrity": "sha512-mKqqRuOPALI8nDzhOBmIS0INvZOOFGGg5n1osGIXAx8oersceEbKd4t1ACNTHM3sJBXGFAlEgqM+svzjPot+ZQ==",
      "cpu": [
        "loong64"
      ],
      "license": "MIT",
      "optional": true,
      "os": [
        "linux"
      ],
      "engines": {
        "node": ">=18"
      }
    },
    "node_modules/@esbuild/linux-mips64el": {
      "version": "0.27.5",
      "resolved": "https://registry.npmjs.org/@esbuild/linux-mips64el/-/linux-mips64el-0.27.5.tgz",
      "integrity": "sha512-EE/QXH9IyaAj1qeuIV5+/GZkBTipgGO782Ff7Um3vPS9cvLhJJeATy4Ggxikz2inZ46KByamMn6GqtqyVjhenA==",
      "cpu": [
        "mips64el"
      ],
      "license": "MIT",
      "optional": true,
      "os": [
        "linux"
      ],
      "engines": {
        "node": ">=18"
      }
    },
    "node_modules/@esbuild/linux-ppc64": {
      "version": "0.27.5",
      "resolved": "https://registry.npmjs.org/@esbuild/linux-ppc64/-/linux-ppc64-0.27.5.tgz",
      "integrity": "sha512-0V2iF1RGxBf1b7/BjurA5jfkl7PtySjom1r6xOK2q9KWw/XCpAdtB6KNMO+9xx69yYfSCRR9FE0TyKfHA2eQMw==",
      "cpu": [
        "ppc64"
      ],
      "license": "MIT",
      "optional": true,
      "os": [
        "linux"
      ],
      "engines": {
        "node": ">=18"
      }
    },
    "node_modules/@esbuild/linux-riscv64": {
      "version": "0.27.5",
      "resolved": "https://registry.npmjs.org/@esbuild/linux-riscv64/-/linux-riscv64-0.27.5.tgz",
      "integrity": "sha512-rYxThBx6G9HN6tFNuvB/vykeLi4VDsm5hE5pVwzqbAjZEARQrWu3noZSfbEnPZ/CRXP3271GyFk/49up2W190g==",
      "cpu": [
        "riscv64"
      ],
      "license": "MIT",
      "optional": true,
      "os": [
        "linux"
      ],
      "engines": {
        "node": ">=18"
      }
    },
    "node_modules/@esbuild/linux-s390x": {
      "version": "0.27.5",
      "resolved": "https://registry.npmjs.org/@esbuild/linux-s390x/-/linux-s390x-0.27.5.tgz",
      "integrity": "sha512-uEP2q/4qgd8goEUc4QIdU/1P2NmEtZ/zX5u3OpLlCGhJIuBIv0s0wr7TB2nBrd3/A5XIdEkkS5ZLF0ULuvaaYQ==",
      "cpu": [
        "s390x"
      ],
      "license": "MIT",
      "optional": true,
      "os": [
        "linux"
      ],
      "engines": {
        "node": ">=18"
      }
    },
    "node_modules/@esbuild/linux-x64": {
      "version": "0.27.5",
      "resolved": "https://registry.npmjs.org/@esbuild/linux-x64/-/linux-x64-0.27.5.tgz",
      "integrity": "sha512-+Gq47Wqq6PLOOZuBzVSII2//9yyHNKZLuwfzCemqexqOQCSz0zy0O26kIzyp9EMNMK+nZ0tFHBZrCeVUuMs/ew==",
      "cpu": [
        "x64"
      ],
      "license": "MIT",
      "optional": true,
      "os": [
        "linux"
      ],
      "engines": {
        "node": ">=18"
      }
    },
    "node_modules/@esbuild/netbsd-arm64": {
      "version": "0.27.5",
      "resolved": "https://registry.npmjs.org/@esbuild/netbsd-arm64/-/netbsd-arm64-0.27.5.tgz",
      "integrity": "sha512-3F/5EG8VHfN/I+W5cO1/SV2H9Q/5r7vcHabMnBqhHK2lTWOh3F8vixNzo8lqxrlmBtZVFpW8pmITHnq54+Tq4g==",
      "cpu": [
        "arm64"
      ],
      "license": "MIT",
      "optional": true,
      "os": [
        "netbsd"
      ],
      "engines": {
        "node": ">=18"
      }
    },
    "node_modules/@esbuild/netbsd-x64": {
      "version": "0.27.5",
      "resolved": "https://registry.npmjs.org/@esbuild/netbsd-x64/-/netbsd-x64-0.27.5.tgz",
      "integrity": "sha512-28t+Sj3CPN8vkMOlZotOmDgilQwVvxWZl7b8rxpn73Tt/gCnvrHxQUMng4uu3itdFvrtba/1nHejvxqz8xgEMA==",
      "cpu": [
        "x64"
      ],
      "license": "MIT",
      "optional": true,
      "os": [
        "netbsd"
      ],
      "engines": {
        "node": ">=18"
      }
    },
    "node_modules/@esbuild/openbsd-arm64": {
      "version": "0.27.5",
      "resolved": "https://registry.npmjs.org/@esbuild/openbsd-arm64/-/openbsd-arm64-0.27.5.tgz",
      "integrity": "sha512-Doz/hKtiuVAi9hMsBMpwBANhIZc8l238U2Onko3t2xUp8xtM0ZKdDYHMnm/qPFVthY8KtxkXaocwmMh6VolzMA==",
      "cpu": [
        "arm64"
      ],
      "license": "MIT",
      "optional": true,
      "os": [
        "openbsd"
      ],
      "engines": {
        "node": ">=18"
      }
    },
    "node_modules/@esbuild/openbsd-x64": {
      "version": "0.27.5",
      "resolved": "https://registry.npmjs.org/@esbuild/openbsd-x64/-/openbsd-x64-0.27.5.tgz",
      "integrity": "sha512-WfGVaa1oz5A7+ZFPkERIbIhKT4olvGl1tyzTRaB5yoZRLqC0KwaO95FeZtOdQj/oKkjW57KcVF944m62/0GYtA==",
      "cpu": [
        "x64"
      ],
      "license": "MIT",
      "optional": true,
      "os": [
        "openbsd"
      ],
      "engines": {
        "node": ">=18"
      }
    },
    "node_modules/@esbuild/openharmony-arm64": {
      "version": "0.27.5",
      "resolved": "https://registry.npmjs.org/@esbuild/openharmony-arm64/-/openharmony-arm64-0.27.5.tgz",
      "integrity": "sha512-Xh+VRuh6OMh3uJ0JkCjI57l+DVe7VRGBYymen8rFPnTVgATBwA6nmToxM2OwTlSvrnWpPKkrQUj93+K9huYC6A==",
      "cpu": [
        "arm64"
      ],
      "license": "MIT",
      "optional": true,
      "os": [
        "openharmony"
      ],
      "engines": {
        "node": ">=18"
      }
    },
    "node_modules/@esbuild/sunos-x64": {
      "version": "0.27.5",
      "resolved": "https://registry.npmjs.org/@esbuild/sunos-x64/-/sunos-x64-0.27.5.tgz",
      "integrity": "sha512-aC1gpJkkaUADHuAdQfuVTnqVUTLqqUNhAvEwHwVWcnVVZvNlDPGA0UveZsfXJJ9T6k9Po4eHi3c02gbdwO3g6w==",
      "cpu": [
        "x64"
      ],
      "license": "MIT",
      "optional": true,
      "os": [
        "sunos"
      ],
      "engines": {
        "node": ">=18"
      }
    },
    "node_modules/@esbuild/win32-arm64": {
      "version": "0.27.5",
      "resolved": "https://registry.npmjs.org/@esbuild/win32-arm64/-/win32-arm64-0.27.5.tgz",
      "integrity": "sha512-0UNx2aavV0fk6UpZcwXFLztA2r/k9jTUa7OW7SAea1VYUhkug99MW1uZeXEnPn5+cHOd0n8myQay6TlFnBR07w==",
      "cpu": [
        "arm64"
      ],
      "license": "MIT",
      "optional": true,
      "os": [
        "win32"
      ],
      "engines": {
        "node": ">=18"
      }
    },
    "node_modules/@esbuild/win32-ia32": {
      "version": "0.27.5",
      "resolved": "https://registry.npmjs.org/@esbuild/win32-ia32/-/win32-ia32-0.27.5.tgz",
      "integrity": "sha512-5nlJ3AeJWCTSzR7AEqVjT/faWyqKU86kCi1lLmxVqmNR+j4HrYdns+eTGjS/vmrzCIe8inGQckUadvS0+JkKdQ==",
      "cpu": [
        "ia32"
      ],
      "license": "MIT",
      "optional": true,
      "os": [
        "win32"
      ],
      "engines": {
        "node": ">=18"
      }
    },
    "node_modules/@esbuild/win32-x64": {
      "version": "0.27.5",
      "resolved": "https://registry.npmjs.org/@esbuild/win32-x64/-/win32-x64-0.27.5.tgz",
      "integrity": "sha512-PWypQR+d4FLfkhBIV+/kHsUELAnMpx1bRvvsn3p+/sAERbnCzFrtDRG2Xw5n+2zPxBK2+iaP+vetsRl4Ti7WgA==",
      "cpu": [
        "x64"
      ],
      "license": "MIT",
      "optional": true,
      "os": [
        "win32"
      ],
      "engines": {
        "node": ">=18"
      }
    },
    "node_modules/@jridgewell/gen-mapping": {
      "version": "0.3.13",
      "resolved": "https://registry.npmjs.org/@jridgewell/gen-mapping/-/gen-mapping-0.3.13.tgz",
      "integrity": "sha512-2kkt/7niJ6MgEPxF0bYdQ6etZaA+fQvDcLKckhy1yIQOzaoKjBBjSj63/aLVjYE3qhRt5dvM+uUyfCg6UKCBbA==",
      "license": "MIT",
      "dependencies": {
        "@jridgewell/sourcemap-codec": "^1.5.0",
        "@jridgewell/trace-mapping": "^0.3.24"
      }
    },
    "node_modules/@jridgewell/remapping": {
      "version": "2.3.5",
      "resolved": "https://registry.npmjs.org/@jridgewell/remapping/-/remapping-2.3.5.tgz",
      "integrity": "sha512-LI9u/+laYG4Ds1TDKSJW2YPrIlcVYOwi2fUC6xB43lueCjgxV4lffOCZCtYFiH6TNOX+tQKXx97T4IKHbhyHEQ==",
      "license": "MIT",
      "dependencies": {
        "@jridgewell/gen-mapping": "^0.3.5",
        "@jridgewell/trace-mapping": "^0.3.24"
      }
    },
    "node_modules/@jridgewell/resolve-uri": {
      "version": "3.1.2",
      "resolved": "https://registry.npmjs.org/@jridgewell/resolve-uri/-/resolve-uri-3.1.2.tgz",
      "integrity": "sha512-bRISgCIjP20/tbWSPWMEi54QVPRZExkuD9lJL+UIxUKtwVJA8wW1Trb1jMs1RFXo1CBTNZ/5hpC9QvmKWdopKw==",
      "license": "MIT",
      "engines": {
        "node": ">=6.0.0"
      }
    },
    "node_modules/@jridgewell/sourcemap-codec": {
      "version": "1.5.5",
      "resolved": "https://registry.npmjs.org/@jridgewell/sourcemap-codec/-/sourcemap-codec-1.5.5.tgz",
      "integrity": "sha512-cYQ9310grqxueWbl+WuIUIaiUaDcj7WOq5fVhEljNVgRfOUhY9fy2zTvfoqWsnebh8Sl70VScFbICvJnLKB0Og==",
      "license": "MIT"
    },
    "node_modules/@jridgewell/trace-mapping": {
      "version": "0.3.31",
      "resolved": "https://registry.npmjs.org/@jridgewell/trace-mapping/-/trace-mapping-0.3.31.tgz",
      "integrity": "sha512-zzNR+SdQSDJzc8joaeP8QQoCQr8NuYx2dIIytl1QeBEZHJ9uW6hebsrYgbz8hJwUQao3TWCMtmfV8Nu1twOLAw==",
      "license": "MIT",
      "dependencies": {
        "@jridgewell/resolve-uri": "^3.1.0",
        "@jridgewell/sourcemap-codec": "^1.4.14"
      }
    },
    "node_modules/@sveltejs/acorn-typescript": {
      "version": "1.0.9",
      "resolved": "https://registry.npmjs.org/@sveltejs/acorn-typescript/-/acorn-typescript-1.0.9.tgz",
      "integrity": "sha512-lVJX6qEgs/4DOcRTpo56tmKzVPtoWAaVbL4hfO7t7NVwl9AAXzQR6cihesW1BmNMPl+bK6dreu2sOKBP2Q9CIA==",
      "license": "MIT",
      "peerDependencies": {
        "acorn": "^8.9.0"
      }
    },
    "node_modules/@tsconfig/svelte": {
      "version": "5.0.8",
      "resolved": "https://registry.npmjs.org/@tsconfig/svelte/-/svelte-5.0.8.tgz",
      "integrity": "sha512-UkNnw1/oFEfecR8ypyHIQuWYdkPvHiwcQ78sh+ymIiYoF+uc5H1UBetbjyqT+vgGJ3qQN6nhucJviX6HesWtKQ==",
      "license": "MIT"
    },
    "node_modules/@types/estree": {
      "version": "1.0.8",
      "resolved": "https://registry.npmjs.org/@types/estree/-/estree-1.0.8.tgz",
      "integrity": "sha512-dWHzHa2WqEXI/O1E9OjrocMTKJl2mSrEolh1Iomrv6U+JuNwaHXsXx9bLu5gG7BUWFIN0skIQJQ/L1rIex4X6w==",
      "license": "MIT"
    },
    "node_modules/@types/node": {
      "version": "25.5.0",
      "resolved": "https://registry.npmjs.org/@types/node/-/node-25.5.0.tgz",
      "integrity": "sha512-jp2P3tQMSxWugkCUKLRPVUpGaL5MVFwF8RDuSRztfwgN1wmqJeMSbKlnEtQqU8UrhTmzEmZdu2I6v2dpp7XIxw==",
      "license": "MIT",
      "dependencies": {
        "undici-types": "~7.18.0"
      }
    },
    "node_modules/@types/trusted-types": {
      "version": "2.0.7",
      "resolved": "https://registry.npmjs.org/@types/trusted-types/-/trusted-types-2.0.7.tgz",
      "integrity": "sha512-ScaPdn1dQczgbl0QFTeTOmVHFULt394XJgOQNoyVhZ6r2vLnMLJfBPd53SB52T/3G36VI1/g2MZaX0cwDuXsfw==",
      "license": "MIT"
    },
    "node_modules/@typescript-eslint/types": {
      "version": "8.58.0",
      "resolved": "https://registry.npmjs.org/@typescript-eslint/types/-/types-8.58.0.tgz",
      "integrity": "sha512-O9CjxypDT89fbHxRfETNoAnHj/i6IpRK0CvbVN3qibxlLdo5p5hcLmUuCCrHMpxiWSwKyI8mCP7qRNYuOJ0Uww==",
      "license": "MIT",
      "engines": {
        "node": "^18.18.0 || ^20.9.0 || >=21.1.0"
      },
      "funding": {
        "type": "opencollective",
        "url": "https://opencollective.com/typescript-eslint"
      }
    },
    "node_modules/acorn": {
      "version": "8.16.0",
      "resolved": "https://registry.npmjs.org/acorn/-/acorn-8.16.0.tgz",
      "integrity": "sha512-UVJyE9MttOsBQIDKw1skb9nAwQuR5wuGD3+82K6JgJlm/Y+KI92oNsMNGZCYdDsVtRHSak0pcV5Dno5+4jh9sw==",
      "license": "MIT",
      "bin": {
        "acorn": "bin/acorn"
      },
      "engines": {
        "node": ">=0.4.0"
      }
    },
    "node_modules/aria-query": {
      "version": "5.3.1",
      "resolved": "https://registry.npmjs.org/aria-query/-/aria-query-5.3.1.tgz",
      "integrity": "sha512-Z/ZeOgVl7bcSYZ/u/rh0fOpvEpq//LZmdbkXyc7syVzjPAhfOa9ebsdTSjEBDU4vs5nC98Kfduj1uFo0qyET3g==",
      "license": "Apache-2.0",
      "engines": {
        "node": ">= 0.4"
      }
    },
    "node_modules/axobject-query": {
      "version": "4.1.0",
      "resolved": "https://registry.npmjs.org/axobject-query/-/axobject-query-4.1.0.tgz",
      "integrity": "sha512-qIj0G9wZbMGNLjLmg1PT6v2mE9AH2zlnADJD/2tC6E00hgmhUOfEB6greHPAfLRSufHqROIUTkw6E+M3lH0PTQ==",
      "license": "Apache-2.0",
      "engines": {
        "node": ">= 0.4"
      }
    },
    "node_modules/clsx": {
      "version": "2.1.1",
      "resolved": "https://registry.npmjs.org/clsx/-/clsx-2.1.1.tgz",
      "integrity": "sha512-eYm0QWBtUrBWZWG0d386OGAw16Z995PiOVo2B7bjWSbHedGl5e0ZWaq65kOGgUSNesEIDkB9ISbTg/JK9dhCZA==",
      "license": "MIT",
      "engines": {
        "node": ">=6"
      }
    },
    "node_modules/devalue": {
      "version": "5.6.4",
      "resolved": "https://registry.npmjs.org/devalue/-/devalue-5.6.4.tgz",
      "integrity": "sha512-Gp6rDldRsFh/7XuouDbxMH3Mx8GMCcgzIb1pDTvNyn8pZGQ22u+Wa+lGV9dQCltFQ7uVw0MhRyb8XDskNFOReA==",
      "license": "MIT"
    },
    "node_modules/esbuild": {
      "version": "0.27.5",
      "resolved": "https://registry.npmjs.org/esbuild/-/esbuild-0.27.5.tgz",
      "integrity": "sha512-zdQoHBjuDqKsvV5OPaWansOwfSQ0Js+Uj9J85TBvj3bFW1JjWTSULMRwdQAc8qMeIScbClxeMK0jlrtB9linhA==",
      "hasInstallScript": true,
      "license": "MIT",
      "bin": {
        "esbuild": "bin/esbuild"
      },
      "engines": {
        "node": ">=18"
      },
      "optionalDependencies": {
        "@esbuild/aix-ppc64": "0.27.5",
        "@esbuild/android-arm": "0.27.5",
        "@esbuild/android-arm64": "0.27.5",
        "@esbuild/android-x64": "0.27.5",
        "@esbuild/darwin-arm64": "0.27.5",
        "@esbuild/darwin-x64": "0.27.5",
        "@esbuild/freebsd-arm64": "0.27.5",
        "@esbuild/freebsd-x64": "0.27.5",
        "@esbuild/linux-arm": "0.27.5",
        "@esbuild/linux-arm64": "0.27.5",
        "@esbuild/linux-ia32": "0.27.5",
        "@esbuild/linux-loong64": "0.27.5",
        "@esbuild/linux-mips64el": "0.27.5",
        "@esbuild/linux-ppc64": "0.27.5",
        "@esbuild/linux-riscv64": "0.27.5",
        "@esbuild/linux-s390x": "0.27.5",
        "@esbuild/linux-x64": "0.27.5",
        "@esbuild/netbsd-arm64": "0.27.5",
        "@esbuild/netbsd-x64": "0.27.5",
        "@esbuild/openbsd-arm64": "0.27.5",
        "@esbuild/openbsd-x64": "0.27.5",
        "@esbuild/openharmony-arm64": "0.27.5",
        "@esbuild/sunos-x64": "0.27.5",
        "@esbuild/win32-arm64": "0.27.5",
        "@esbuild/win32-ia32": "0.27.5",
        "@esbuild/win32-x64": "0.27.5"
      }
    },
    "node_modules/esbuild-svelte": {
      "version": "0.9.4",
      "resolved": "https://registry.npmjs.org/esbuild-svelte/-/esbuild-svelte-0.9.4.tgz",
      "integrity": "sha512-v/a0GjkKN06nal2QLluxjk2GXsei3fdtjIuHRa6pVnri5rQBZ6pj4a2WwjLfRojgRsLwDHl4xSeZ1BeUHsqQrw==",
      "license": "MIT",
      "dependencies": {
        "@jridgewell/trace-mapping": "^0.3.19"
      },
      "engines": {
        "node": ">=18"
      },
      "peerDependencies": {
        "esbuild": ">=0.17.0",
        "svelte": ">=4.2.1 <6"
      }
    },
    "node_modules/esm-env": {
      "version": "1.2.2",
      "resolved": "https://registry.npmjs.org/esm-env/-/esm-env-1.2.2.tgz",
      "integrity": "sha512-Epxrv+Nr/CaL4ZcFGPJIYLWFom+YeV1DqMLHJoEd9SYRxNbaFruBwfEX/kkHUJf55j2+TUbmDcmuilbP1TmXHA==",
      "license": "MIT"
    },
    "node_modules/esrap": {
      "version": "2.2.4",
      "resolved": "https://registry.npmjs.org/esrap/-/esrap-2.2.4.tgz",
      "integrity": "sha512-suICpxAmZ9A8bzJjEl/+rLJiDKC0X4gYWUxT6URAWBLvlXmtbZd5ySMu/N2ZGEtMCAmflUDPSehrP9BQcsGcSg==",
      "license": "MIT",
      "dependencies": {
        "@jridgewell/sourcemap-codec": "^1.4.15",
        "@typescript-eslint/types": "^8.2.0"
      }
    },
    "node_modules/is-reference": {
      "version": "3.0.3",
      "resolved": "https://registry.npmjs.org/is-reference/-/is-reference-3.0.3.tgz",
      "integrity": "sha512-ixkJoqQvAP88E6wLydLGGqCJsrFUnqoH6HnaczB8XmDH1oaWU+xxdptvikTgaEhtZ53Ky6YXiBuUI2WXLMCwjw==",
      "license": "MIT",
      "dependencies": {
        "@types/estree": "^1.0.6"
      }
    },
    "node_modules/locate-character": {
      "version": "3.0.0",
      "resolved": "https://registry.npmjs.org/locate-character/-/locate-character-3.0.0.tgz",
      "integrity": "sha512-SW13ws7BjaeJ6p7Q6CO2nchbYEc3X3J6WrmTTDto7yMPqVSZTUyY5Tjbid+Ab8gLnATtygYtiDIJGQRRn2ZOiA==",
      "license": "MIT"
    },
    "node_modules/magic-string": {
      "version": "0.30.21",
      "resolved": "https://registry.npmjs.org/magic-string/-/magic-string-0.30.21.tgz",
      "integrity": "sha512-vd2F4YUyEXKGcLHoq+TEyCjxueSeHnFxyyjNp80yg0XV4vUhnDer/lvvlqM/arB5bXQN5K2/3oinyCRyx8T2CQ==",
      "license": "MIT",
      "dependencies": {
        "@jridgewell/sourcemap-codec": "^1.5.5"
      }
    },
    "node_modules/svelte": {
      "version": "5.55.1",
      "resolved": "https://registry.npmjs.org/svelte/-/svelte-5.55.1.tgz",
      "integrity": "sha512-QjvU7EFemf6mRzdMGlAFttMWtAAVXrax61SZYHdkD6yoVGQ89VeyKfZD4H1JrV1WLmJBxWhFch9H6ig/87VGjw==",
      "license": "MIT",
      "dependencies": {
        "@jridgewell/remapping": "^2.3.4",
        "@jridgewell/sourcemap-codec": "^1.5.0",
        "@sveltejs/acorn-typescript": "^1.0.5",
        "@types/estree": "^1.0.5",
        "@types/trusted-types": "^2.0.7",
        "acorn": "^8.12.1",
        "aria-query": "5.3.1",
        "axobject-query": "^4.1.0",
        "clsx": "^2.1.1",
        "devalue": "^5.6.4",
        "esm-env": "^1.2.1",
        "esrap": "^2.2.4",
        "is-reference": "^3.0.3",
        "locate-character": "^3.0.0",
        "magic-string": "^0.30.11",
        "zimmerframe": "^1.1.2"
      },
      "engines": {
        "node": ">=18"
      }
    },
    "node_modules/typescript": {
      "version": "6.0.2",
      "resolved": "https://registry.npmjs.org/typescript/-/typescript-6.0.2.tgz",
      "integrity": "sha512-bGdAIrZ0wiGDo5l8c++HWtbaNCWTS4UTv7RaTH/ThVIgjkveJt83m74bBHMJkuCbslY8ixgLBVZJIOiQlQTjfQ==",
      "license": "Apache-2.0",
      "bin": {
        "tsc": "bin/tsc",
        "tsserver": "bin/tsserver"
      },
      "engines": {
        "node": ">=14.17"
      }
    },
    "node_modules/undici-types": {
      "version": "7.18.2",
      "resolved": "https://registry.npmjs.org/undici-types/-/undici-types-7.18.2.tgz",
      "integrity": "sha512-AsuCzffGHJybSaRrmr5eHr81mwJU3kjw6M+uprWvCXiNeN9SOGwQ3Jn8jb8m3Z6izVgknn1R0FTCEAP2QrLY/w==",
      "license": "MIT"
    },
    "node_modules/zimmerframe": {
      "version": "1.1.4",
      "resolved": "https://registry.npmjs.org/zimmerframe/-/zimmerframe-1.1.4.tgz",
      "integrity": "sha512-B58NGBEoc8Y9MWWCQGl/gq9xBCe4IiKM0a2x7GZdQKOW5Exr8S1W24J6OgM1njK8xCRGvAJIL/MxXHf6SkmQKQ==",
      "license": "MIT"
    }
  }
}
